// !$*UTF8*$!
{
	archiveVersion = 1;
	classes = {
	};
	objectVersion = 55;
	objects = {

/* Begin PBXBuildFile section */
		B5414D4B2881AFFD00E1A04C /* SolutionApp.swift in Sources */ = {isa = PBXBuildFile; fileRef = B5414D4A2881AFFD00E1A04C /* SolutionApp.swift */; };
		B5414D4D2881AFFD00E1A04C /* ContentView.swift in Sources */ = {isa = PBXBuildFile; fileRef = B5414D4C2881AFFD00E1A04C /* ContentView.swift */; };
		B5414D4F2881AFFE00E1A04C /* Assets.xcassets in Resources */ = {isa = PBXBuildFile; fileRef = B5414D4E2881AFFE00E1A04C /* Assets.xcassets */; };
		B5414D522881AFFE00E1A04C /* Preview Assets.xcassets in Resources */ = {isa = PBXBuildFile; fileRef = B5414D512881AFFE00E1A04C /* Preview Assets.xcassets */; };
		B5414D5B2881B0FF00E1A04C /* Data.json in Resources */ = {isa = PBXBuildFile; fileRef = B5414D5A2881B0FF00E1A04C /* Data.json */; };
		B5414D5E2881B2C900E1A04C /* Autor.swift in Sources */ = {isa = PBXBuildFile; fileRef = B5414D5D2881B2C900E1A04C /* Autor.swift */; };
		B5414D612881B4E000E1A04C /* DataServise.swift in Sources */ = {isa = PBXBuildFile; fileRef = B5414D602881B4E000E1A04C /* DataServise.swift */; };
		B5414D652881B86F00E1A04C /* AutorModel.swift in Sources */ = {isa = PBXBuildFile; fileRef = B5414D642881B86F00E1A04C /* AutorModel.swift */; };
		B5414D672881C13700E1A04C /* Card.swift in Sources */ = {isa = PBXBuildFile; fileRef = B5414D662881C13700E1A04C /* Card.swift */; };
		B5414D692881D4E600E1A04C /* DetailView.swift in Sources */ = {isa = PBXBuildFile; fileRef = B5414D682881D4E600E1A04C /* DetailView.swift */; };
/* End PBXBuildFile section */

/* Begin PBXFileReference section */
		B5414D472881AFFD00E1A04C /* Solution.app */ = {isa = PBXFileReference; explicitFileType = wrapper.application; includeInIndex = 0; path = Solution.app; sourceTree = BUILT_PRODUCTS_DIR; };
		B5414D4A2881AFFD00E1A04C /* SolutionApp.swift */ = {isa = PBXFileReference; lastKnownFileType = sourcecode.swift; path = SolutionApp.swift; sourceTree = "<group>"; };
		B5414D4C2881AFFD00E1A04C /* ContentView.swift */ = {isa = PBXFileReference; lastKnownFileType = sourcecode.swift; path = ContentView.swift; sourceTree = "<group>"; };
		B5414D4E2881AFFE00E1A04C /* Assets.xcassets */ = {isa = PBXFileReference; lastKnownFileType = folder.assetcatalog; path = Assets.xcassets; sourceTree = "<group>"; };
		B5414D512881AFFE00E1A04C /* Preview Assets.xcassets */ = {isa = PBXFileReference; lastKnownFileType = folder.assetcatalog; path = "Preview Assets.xcassets"; sourceTree = "<group>"; };
		B5414D5A2881B0FF00E1A04C /* Data.json */ = {isa = PBXFileReference; lastKnownFileType = text.json; path = Data.json; sourceTree = "<group>"; };
		B5414D5D2881B2C900E1A04C /* Autor.swift */ = {isa = PBXFileReference; lastKnownFileType = sourcecode.swift; path = Autor.swift; sourceTree = "<group>"; };
		B5414D602881B4E000E1A04C /* DataServise.swift */ = {isa = PBXFileReference; lastKnownFileType = sourcecode.swift; path = DataServise.swift; sourceTree = "<group>"; };
		B5414D642881B86F00E1A04C /* AutorModel.swift */ = {isa = PBXFileReference; lastKnownFileType = sourcecode.swift; path = AutorModel.swift; sourceTree = "<group>"; };
		B5414D662881C13700E1A04C /* Card.swift */ = {isa = PBXFileReference; lastKnownFileType = sourcecode.swift; path = Card.swift; sourceTree = "<group>"; };
		B5414D682881D4E600E1A04C /* DetailView.swift */ = {isa = PBXFileReference; lastKnownFileType = sourcecode.swift; path = DetailView.swift; sourceTree = "<group>"; };
/* End PBXFileReference section */

/* Begin PBXFrameworksBuildPhase section */
		B5414D442881AFFD00E1A04C /* Frameworks */ = {
			isa = PBXFrameworksBuildPhase;
			buildActionMask = 2147483647;
			files = (
			);
			runOnlyForDeploymentPostprocessing = 0;
		};
/* End PBXFrameworksBuildPhase section */

/* Begin PBXGroup section */
		B5414D3E2881AFFD00E1A04C = {
			isa = PBXGroup;
			children = (
				B5414D492881AFFD00E1A04C /* Solution */,
				B5414D482881AFFD00E1A04C /* Products */,
			);
			sourceTree = "<group>";
		};
		B5414D482881AFFD00E1A04C /* Products */ = {
			isa = PBXGroup;
			children = (
				B5414D472881AFFD00E1A04C /* Solution.app */,
			);
			name = Products;
			sourceTree = "<group>";
		};
		B5414D492881AFFD00E1A04C /* Solution */ = {
			isa = PBXGroup;
			children = (
				B5414D4A2881AFFD00E1A04C /* SolutionApp.swift */,
				B5414D622881B4FF00E1A04C /* Views */,
				B5414D632881B82900E1A04C /* ViewModels */,
				B5414D5F2881B48400E1A04C /* Servise */,
				B5414D5C2881B2A500E1A04C /* Models */,
				B5414D4E2881AFFE00E1A04C /* Assets.xcassets */,
				B5414D502881AFFE00E1A04C /* Preview Content */,
				B5414D5A2881B0FF00E1A04C /* Data.json */,
			);
			path = Solution;
			sourceTree = "<group>";
		};
		B5414D502881AFFE00E1A04C /* Preview Content */ = {
			isa = PBXGroup;
			children = (
				B5414D512881AFFE00E1A04C /* Preview Assets.xcassets */,
			);
			path = "Preview Content";
			sourceTree = "<group>";
		};
		B5414D5C2881B2A500E1A04C /* Models */ = {
			isa = PBXGroup;
			children = (
				B5414D5D2881B2C900E1A04C /* Autor.swift */,
			);
			path = Models;
			sourceTree = "<group>";
		};
		B5414D5F2881B48400E1A04C /* Servise */ = {
			isa = PBXGroup;
			children = (
				B5414D602881B4E000E1A04C /* DataServise.swift */,
			);
			path = Servise;
			sourceTree = "<group>";
		};
		B5414D622881B4FF00E1A04C /* Views */ = {
			isa = PBXGroup;
			children = (
				B5414D4C2881AFFD00E1A04C /* ContentView.swift */,
				B5414D682881D4E600E1A04C /* DetailView.swift */,
				B5414D662881C13700E1A04C /* Card.swift */,
			);
			path = Views;
			sourceTree = "<group>";
		};
		B5414D632881B82900E1A04C /* ViewModels */ = {
			isa = PBXGroup;
			children = (
				B5414D642881B86F00E1A04C /* AutorModel.swift */,
			);
			path = ViewModels;
			sourceTree = "<group>";
		};
/* End PBXGroup section */

/* Begin PBXNativeTarget section */
		B5414D462881AFFD00E1A04C /* Solution */ = {
			isa = PBXNativeTarget;
			buildConfigurationList = B5414D552881AFFE00E1A04C /* Build configuration list for PBXNativeTarget "Solution" */;
			buildPhases = (
				B5414D432881AFFD00E1A04C /* Sources */,
				B5414D442881AFFD00E1A04C /* Frameworks */,
				B5414D452881AFFD00E1A04C /* Resources */,
			);
			buildRules = (
			);
			dependencies = (
			);
			name = Solution;
			productName = Solution;
			productReference = B5414D472881AFFD00E1A04C /* Solution.app */;
			productType = "com.apple.product-type.application";
		};
/* End PBXNativeTarget section */

/* Begin PBXProject section */
		B5414D3F2881AFFD00E1A04C /* Project object */ = {
			isa = PBXProject;
			attributes = {
				BuildIndependentTargetsInParallel = 1;
				LastSwiftUpdateCheck = 1340;
				LastUpgradeCheck = 1340;
				TargetAttributes = {
					B5414D462881AFFD00E1A04C = {
						CreatedOnToolsVersion = 13.4.1;
					};
				};
			};
			buildConfigurationList = B5414D422881AFFD00E1A04C /* Build configuration list for PBXProject "Solution" */;
			compatibilityVersion = "Xcode 13.0";
			developmentRegion = en;
			hasScannedForEncodings = 0;
			knownRegions = (
				en,
				Base,
			);
			mainGroup = B5414D3E2881AFFD00E1A04C;
			productRefGroup = B5414D482881AFFD00E1A04C /* Products */;
			projectDirPath = "";
			projectRoot = "";
			targets = (
				B5414D462881AFFD00E1A04C /* Solution */,
			);
		};
/* End PBXProject section */

/* Begin PBXResourcesBuildPhase section */
		B5414D452881AFFD00E1A04C /* Resources */ = {
			isa = PBXResourcesBuildPhase;
			buildActionMask = 2147483647;
			files = (
				B5414D522881AFFE00E1A04C /* Preview Assets.xcassets in Resources */,
				B5414D4F2881AFFE00E1A04C /* Assets.xcassets in Resources */,
				B5414D5B2881B0FF00E1A04C /* Data.json in Resources */,
			);
			runOnlyForDeploymentPostprocessing = 0;
		};
/* End PBXResourcesBuildPhase section */

/* Begin PBXSourcesBuildPhase section */
		B5414D432881AFFD00E1A04C /* Sources */ = {
			isa = PBXSourcesBuildPhase;
			buildActionMask = 2147483647;
			files = (
				B5414D4D2881AFFD00E1A04C /* ContentView.swift in Sources */,
				B5414D672881C13700E1A04C /* Card.swift in Sources */,
				B5414D5E2881B2C900E1A04C /* Autor.swift in Sources */,
				B5414D692881D4E600E1A04C /* DetailView.swift in Sources */,
				B5414D4B2881AFFD00E1A04C /* SolutionApp.swift in Sources */,
				B5414D612881B4E000E1A04C /* DataServise.swift in Sources */,
				B5414D652881B86F00E1A04C /* AutorModel.swift in Sources */,
			);
			runOnlyForDeploymentPostprocessing = 0;
		};
/* End PBXSourcesBuildPhase section */

/* Begin XCBuildConfiguration section */
		B5414D532881AFFE00E1A04C /* Debug */ = {
			isa = XCBuildConfiguration;
			buildSettings = {
				ALWAYS_SEARCH_USER_PATHS = NO;
				CLANG_ANALYZER_NONNULL = YES;
				CLANG_ANALYZER_NUMBER_OBJECT_CONVERSION = YES_AGGRESSIVE;
				CLANG_CXX_LANGUAGE_STANDARD = "gnu++17";
				CLANG_ENABLE_MODULES = YES;
				CLANG_ENABLE_OBJC_ARC = YES;
				CLANG_ENABLE_OBJC_WEAK = YES;
				CLANG_WARN_BLOCK_CAPTURE_AUTORELEASING = YES;
				CLANG_WARN_BOOL_CONVERSION = YES;
				CLANG_WARN_COMMA = YES;
				CLANG_WARN_CONSTANT_CONVERSION = YES;
				CLANG_WARN_DEPRECATED_OBJC_IMPLEMENTATIONS = YES;
				CLANG_WARN_DIRECT_OBJC_ISA_USAGE = YES_ERROR;
				CLANG_WARN_DOCUMENTATION_COMMENTS = YES;
				CLANG_WARN_EMPTY_BODY = YES;
				CLANG_WARN_ENUM_CONVERSION = YES;
				CLANG_WARN_INFINITE_RECURSION = YES;
				CLANG_WARN_INT_CONVERSION = YES;
				CLANG_WARN_NON_LITERAL_NULL_CONVERSION = YES;
				CLANG_WARN_OBJC_IMPLICIT_RETAIN_SELF = YES;
				CLANG_WARN_OBJC_LITERAL_CONVERSION = YES;
				CLANG_WARN_OBJC_ROOT_CLASS = YES_ERROR;
				CLANG_WARN_QUOTED_INCLUDE_IN_FRAMEWORK_HEADER = YES;
				CLANG_WARN_RANGE_LOOP_ANALYSIS = YES;
				CLANG_WARN_STRICT_PROTOTYPES = YES;
				CLANG_WARN_SUSPICIOUS_MOVE = YES;
				CLANG_WARN_UNGUARDED_AVAILABILITY = YES_AGGRESSIVE;
				CLANG_WARN_UNREACHABLE_CODE = YES;
				CLANG_WARN__DUPLICATE_METHOD_MATCH = YES;
				COPY_PHASE_STRIP = NO;
				DEBUG_INFORMATION_FORMAT = dwarf;
				ENABLE_STRICT_OBJC_MSGSEND = YES;
				ENABLE_TESTABILITY = YES;
				GCC_C_LANGUAGE_STANDARD = gnu11;
				GCC_DYNAMIC_NO_PIC = NO;
				GCC_NO_COMMON_BLOCKS = YES;
				GCC_OPTIMIZATION_LEVEL = 0;
				GCC_PREPROCESSOR_DEFINITIONS = (
					"DEBUG=1",
					"$(inherited)",
				);
				GCC_WARN_64_TO_32_BIT_CONVERSION = YES;
				GCC_WARN_ABOUT_RETURN_TYPE = YES_ERROR;
				GCC_WARN_UNDECLARED_SELECTOR = YES;
				GCC_WARN_UNINITIALIZED_AUTOS = YES_AGGRESSIVE;
				GCC_WARN_UNUSED_FUNCTION = YES;
				GCC_WARN_UNUSED_VARIABLE = YES;
				IPHONEOS_DEPLOYMENT_TARGET = 15.5;
				MTL_ENABLE_DEBUG_INFO = INCLUDE_SOURCE;
				MTL_FAST_MATH = YES;
				ONLY_ACTIVE_ARCH = YES;
				SDKROOT = iphoneos;
				SWIFT_ACTIVE_COMPILATION_CONDITIONS = DEBUG;
				SWIFT_OPTIMIZATION_LEVEL = "-Onone";
			};
			name = Debug;
		};
		B5414D542881AFFE00E1A04C /* Release */ = {
			isa = XCBuildConfiguration;
			buildSettings = {
				ALWAYS_SEARCH_USER_PATHS = NO;
				CLANG_ANALYZER_NONNULL = YES;
				CLANG_ANALYZER_NUMBER_OBJECT_CONVERSION = YES_AGGRESSIVE;
				CLANG_CXX_LANGUAGE_STANDARD = "gnu++17";
				CLANG_ENABLE_MODULES = YES;
				CLANG_ENABLE_OBJC_ARC = YES;
				CLANG_ENABLE_OBJC_WEAK = YES;
				CLANG_WARN_BLOCK_CAPTURE_AUTORELEASING = YES;
				CLANG_WARN_BOOL_CONVERSION = YES;
				CLANG_WARN_COMMA = YES;
				CLANG_WARN_CONSTANT_CONVERSION = YES;
				CLANG_WARN_DEPRECATED_OBJC_IMPLEMENTATIONS = YES;
				CLANG_WARN_DIRECT_OBJC_ISA_USAGE = YES_ERROR;
				CLANG_WARN_DOCUMENTATION_COMMENTS = YES;
				CLANG_WARN_EMPTY_BODY = YES;
				CLANG_WARN_ENUM_CONVERSION = YES;
				CLANG_WARN_INFINITE_RECURSION = YES;
				CLANG_WARN_INT_CONVERSION = YES;
				CLANG_WARN_NON_LITERAL_NULL_CONVERSION = YES;
				CLANG_WARN_OBJC_IMPLICIT_RETAIN_SELF = YES;
				CLANG_WARN_OBJC_LITERAL_CONVERSION = YES;
				CLANG_WARN_OBJC_ROOT_CLASS = YES_ERROR;
				CLANG_WARN_QUOTED_INCLUDE_IN_FRAMEWORK_HEADER = YES;
				CLANG_WARN_RANGE_LOOP_ANALYSIS = YES;
				CLANG_WARN_STRICT_PROTOTYPES = YES;
				CLANG_WARN_SUSPICIOUS_MOVE = YES;
				CLANG_WARN_UNGUARDED_AVAILABILITY = YES_AGGRESSIVE;
				CLANG_WARN_UNREACHABLE_CODE = YES;
				CLANG_WARN__DUPLICATE_METHOD_MATCH = YES;
				COPY_PHASE_STRIP = NO;
				DEBUG_INFORMATION_FORMAT = "dwarf-with-dsym";
				ENABLE_NS_ASSERTIONS = NO;
				ENABLE_STRICT_OBJC_MSGSEND = YES;
				GCC_C_LANGUAGE_STANDARD = gnu11;
				GCC_NO_COMMON_BLOCKS = YES;
				GCC_WARN_64_TO_32_BIT_CONVERSION = YES;
				GCC_WARN_ABOUT_RETURN_TYPE = YES_ERROR;
				GCC_WARN_UNDECLARED_SELECTOR = YES;
				GCC_WARN_UNINITIALIZED_AUTOS = YES_AGGRESSIVE;
				GCC_WARN_UNUSED_FUNCTION = YES;
				GCC_WARN_UNUSED_VARIABLE = YES;
				IPHONEOS_DEPLOYMENT_TARGET = 15.5;
				MTL_ENABLE_DEBUG_INFO = NO;
				MTL_FAST_MATH = YES;
				SDKROOT = iphoneos;
				SWIFT_COMPILATION_MODE = wholemodule;
				SWIFT_OPTIMIZATION_LEVEL = "-O";
				VALIDATE_PRODUCT = YES;
			};
			name = Release;
		};
		B5414D562881AFFE00E1A04C /* Debug */ = {
			isa = XCBuildConfiguration;
			buildSettings = {
				ASSETCATALOG_COMPILER_APPICON_NAME = AppIcon;
				ASSETCATALOG_COMPILER_GLOBAL_ACCENT_COLOR_NAME = AccentColor;
				CODE_SIGN_STYLE = Automatic;
				CURRENT_PROJECT_VERSION = 1;
				DEVELOPMENT_ASSET_PATHS = "\"Solution/Preview Content\"";
				DEVELOPMENT_TEAM = T9BXFAZ6ZJ;
				ENABLE_PREVIEWS = YES;
				GENERATE_INFOPLIST_FILE = YES;
				INFOPLIST_KEY_UIApplicationSceneManifest_Generation = YES;
				INFOPLIST_KEY_UIApplicationSupportsIndirectInputEvents = YES;
				INFOPLIST_KEY_UILaunchScreen_Generation = YES;
				INFOPLIST_KEY_UISupportedInterfaceOrientations_iPad = "UIInterfaceOrientationPortrait UIInterfaceOrientationPortraitUpsideDown UIInterfaceOrientationLandscapeLeft UIInterfaceOrientationLandscapeRight";
				INFOPLIST_KEY_UISupportedInterfaceOrientations_iPhone = "UIInterfaceOrientationPortrait UIInterfaceOrientationLandscapeLeft UIInterfaceOrientationLandscapeRight";
				LD_RUNPATH_SEARCH_PATHS = (
					"$(inherited)",
					"@executable_path/Frameworks",
				);
				MARKETING_VERSION = 1.0;
				PRODUCT_BUNDLE_IDENTIFIER = "Andrii-Zlenko.Solution";
				PRODUCT_NAME = "$(TARGET_NAME)";
				SWIFT_EMIT_LOC_STRINGS = YES;
				SWIFT_VERSION = 5.0;
				TARGETED_DEVICE_FAMILY = "1,2";
			};
			name = Debug;
		};
		B5414D572881AFFE00E1A04C /* Release */ = {
			isa = XCBuildConfiguration;
			buildSettings = {
				ASSETCATALOG_COMPILER_APPICON_NAME = AppIcon;
				ASSETCATALOG_COMPILER_GLOBAL_ACCENT_COLOR_NAME = AccentColor;
				CODE_SIGN_STYLE = Automatic;
				CURRENT_PROJECT_VERSION = 1;
				DEVELOPMENT_ASSET_PATHS = "\"Solution/Preview Content\"";
				DEVELOPMENT_TEAM = T9BXFAZ6ZJ;
				ENABLE_PREVIEWS = YES;
				GENERATE_INFOPLIST_FILE = YES;
				INFOPLIST_KEY_UIApplicationSceneManifest_Generation = YES;
				INFOPLIST_KEY_UIApplicationSupportsIndirectInputEvents = YES;
				INFOPLIST_KEY_UILaunchScreen_Generation = YES;
				INFOPLIST_KEY_UISupportedInterfaceOrientations_iPad = "UIInterfaceOrientationPortrait UIInterfaceOrientationPortraitUpsideDown UIInterfaceOrientationLandscapeLeft UIInterfaceOrientationLandscapeRight";
				INFOPLIST_KEY_UISupportedInterfaceOrientations_iPhone = "UIInterfaceOrientationPortrait UIInterfaceOrientationLandscapeLeft UIInterfaceOrientationLandscapeRight";
				LD_RUNPATH_SEARCH_PATHS = (
					"$(inherited)",
					"@executable_path/Frameworks",
				);
				MARKETING_VERSION = 1.0;
				PRODUCT_BUNDLE_IDENTIFIER = "Andrii-Zlenko.Solution";
				PRODUCT_NAME = "$(TARGET_NAME)";
				SWIFT_EMIT_LOC_STRINGS = YES;
				SWIFT_VERSION = 5.0;
				TARGETED_DEVICE_FAMILY = "1,2";
			};
			name = Release;
		};
/* End XCBuildConfiguration section */

/* Begin XCConfigurationList section */
		B5414D422881AFFD00E1A04C /* Build configuration list for PBXProject "Solution" */ = {
			isa = XCConfigurationList;
			buildConfigurations = (
				B5414D532881AFFE00E1A04C /* Debug */,
				B5414D542881AFFE00E1A04C /* Release */,
			);
			defaultConfigurationIsVisible = 0;
			defaultConfigurationName = Release;
		};
		B5414D552881AFFE00E1A04C /* Build configuration list for PBXNativeTarget "Solution" */ = {
			isa = XCConfigurationList;
			buildConfigurations = (
				B5414D562881AFFE00E1A04C /* Debug */,
				B5414D572881AFFE00E1A04C /* Release */,
			);
			defaultConfigurationIsVisible = 0;
			defaultConfigurationName = Release;
		};
/* End XCConfigurationList section */
	};
	rootObject = B5414D3F2881AFFD00E1A04C /* Project object */;
}
